
Microsoft Visual Studio Solution File, Format Version 12.00
# Visual Studio Version 16
VisualStudioVersion = 16.0.31205.134
MinimumVisualStudioVersion = 10.0.40219.1
Project("{FAE04EC0-301F-11D3-BF4B-00C04F79EFBC}") = "PorjectMVC", "PorjectMVC\PorjectMVC.csproj", "{1232F8DF-2E21-4C65-8E2E-58269F1011D7}"
EndProject
Global
	GlobalSection(SolutionConfigurationPlatforms) = preSolution
		Debug|Any CPU = Debug|Any CPU
		Release|Any CPU = Release|Any CPU
	EndGlobalSection
	GlobalSection(ProjectConfigurationPlatforms) = postSolution
		{1232F8DF-2E21-4C65-8E2E-58269F1011D7}.Debug|Any CPU.ActiveCfg = Debug|Any CPU
		{1232F8DF-2E21-4C65-8E2E-58269F1011D7}.Debug|Any CPU.Build.0 = Debug|Any CPU
		{1232F8DF-2E21-4C65-8E2E-58269F1011D7}.Release|Any CPU.ActiveCfg = Release|Any CPU
		{1232F8DF-2E21-4C65-8E2E-58269F1011D7}.Release|Any CPU.Build.0 = Release|Any CPU
	EndGlobalSection
	GlobalSection(SolutionProperties) = preSolution
		HideSolutionNode = FALSE
	EndGlobalSection
	GlobalSection(ExtensibilityGlobals) = postSolution
		SolutionGuid = {2FF01A01-CCC7-425A-A76C-4DB2392EB628}
	EndGlobalSection
EndGlobal
